
Microsoft Visual Studio Solution File, Format Version 12.00
# Visual Studio Version 16
VisualStudioVersion = 16.0.31112.23
MinimumVisualStudioVersion = 10.0.40219.1
Project("{888888A0-9F3D-457C-B088-3A5042F75D52}") = "TKInter Repo", "TKInter Repo\TKInter Repo.pyproj", "{913FAE34-60F1-4E97-8620-A0E305671E52}"
EndProject
Global
	GlobalSection(SolutionConfigurationPlatforms) = preSolution
		Debug|Any CPU = Debug|Any CPU
		Release|Any CPU = Release|Any CPU
	EndGlobalSection
	GlobalSection(ProjectConfigurationPlatforms) = postSolution
		{913FAE34-60F1-4E97-8620-A0E305671E52}.Debug|Any CPU.ActiveCfg = Debug|Any CPU
		{913FAE34-60F1-4E97-8620-A0E305671E52}.Release|Any CPU.ActiveCfg = Release|Any CPU
	EndGlobalSection
	GlobalSection(SolutionProperties) = preSolution
		HideSolutionNode = FALSE
	EndGlobalSection
	GlobalSection(ExtensibilityGlobals) = postSolution
		SolutionGuid = {5BAE857B-531D-42F1-AEBB-B63E284DBF35}
	EndGlobalSection
EndGlobal
